
Microsoft Visual Studio Solution File, Format Version 12.00
# Visual Studio Version 17
VisualStudioVersion = 17.10.35004.147
MinimumVisualStudioVersion = 10.0.40219.1
Project("{FAE04EC0-301F-11D3-BF4B-00C04F79EFBC}") = "webApi", "webApi\webApi.csproj", "{50E0A9FC-5080-4E70-AB08-51D21B00A688}"
EndProject
Global
	GlobalSection(SolutionConfigurationPlatforms) = preSolution
		Debug|Any CPU = Debug|Any CPU
		Release|Any CPU = Release|Any CPU
	EndGlobalSection
	GlobalSection(ProjectConfigurationPlatforms) = postSolution
		{50E0A9FC-5080-4E70-AB08-51D21B00A688}.Debug|Any CPU.ActiveCfg = Debug|Any CPU
		{50E0A9FC-5080-4E70-AB08-51D21B00A688}.Debug|Any CPU.Build.0 = Debug|Any CPU
		{50E0A9FC-5080-4E70-AB08-51D21B00A688}.Release|Any CPU.ActiveCfg = Release|Any CPU
		{50E0A9FC-5080-4E70-AB08-51D21B00A688}.Release|Any CPU.Build.0 = Release|Any CPU
	EndGlobalSection
	GlobalSection(SolutionProperties) = preSolution
		HideSolutionNode = FALSE
	EndGlobalSection
	GlobalSection(ExtensibilityGlobals) = postSolution
		SolutionGuid = {65989C67-8D1B-4058-BA7F-C976F3ADBCD3}
	EndGlobalSection
EndGlobal
